
Microsoft Visual Studio Solution File, Format Version 12.00
# Visual Studio Version 16
VisualStudioVersion = 16.0.31727.386
MinimumVisualStudioVersion = 10.0.40219.1
Project("{FAE04EC0-301F-11D3-BF4B-00C04F79EFBC}") = "HelloWorld", "HelloWorld\HelloWorld.csproj", "{18AAE6EC-E8DA-4891-B652-F7FD0E388539}"
EndProject
Global
	GlobalSection(SolutionConfigurationPlatforms) = preSolution
		Debug|Any CPU = Debug|Any CPU
		Release|Any CPU = Release|Any CPU
	EndGlobalSection
	GlobalSection(ProjectConfigurationPlatforms) = postSolution
		{18AAE6EC-E8DA-4891-B652-F7FD0E388539}.Debug|Any CPU.ActiveCfg = Debug|Any CPU
		{18AAE6EC-E8DA-4891-B652-F7FD0E388539}.Debug|Any CPU.Build.0 = Debug|Any CPU
		{18AAE6EC-E8DA-4891-B652-F7FD0E388539}.Release|Any CPU.ActiveCfg = Release|Any CPU
		{18AAE6EC-E8DA-4891-B652-F7FD0E388539}.Release|Any CPU.Build.0 = Release|Any CPU
	EndGlobalSection
	GlobalSection(SolutionProperties) = preSolution
		HideSolutionNode = FALSE
	EndGlobalSection
	GlobalSection(ExtensibilityGlobals) = postSolution
		SolutionGuid = {3E4FC160-BD28-40B8-BAA9-463B3460773F}
	EndGlobalSection
EndGlobal
